// !$*UTF8*$!
{
	archiveVersion = 1;
	classes = {
	};
	objectVersion = 46;
	objects = {

/* Begin PBXBuildFile section */
		81313F891E25B0A700295915 /* AppDelegate.swift in Sources */ = {isa = PBXBuildFile; fileRef = 81313F881E25B0A700295915 /* AppDelegate.swift */; };
		81313F8B1E25B0A700295915 /* ViewController.swift in Sources */ = {isa = PBXBuildFile; fileRef = 81313F8A1E25B0A700295915 /* ViewController.swift */; };
		81313F8E1E25B0A700295915 /* Main.storyboard in Resources */ = {isa = PBXBuildFile; fileRef = 81313F8C1E25B0A700295915 /* Main.storyboard */; };
		81313F901E25B0A700295915 /* Assets.xcassets in Resources */ = {isa = PBXBuildFile; fileRef = 81313F8F1E25B0A700295915 /* Assets.xcassets */; };
		81313F931E25B0A700295915 /* LaunchScreen.storyboard in Resources */ = {isa = PBXBuildFile; fileRef = 81313F911E25B0A700295915 /* LaunchScreen.storyboard */; };
/* End PBXBuildFile section */

/* Begin PBXFileReference section */
		81313F851E25B0A700295915 /* iSurvey.app */ = {isa = PBXFileReference; explicitFileType = wrapper.application; includeInIndex = 0; path = iSurvey.app; sourceTree = BUILT_PRODUCTS_DIR; };
		81313F881E25B0A700295915 /* AppDelegate.swift */ = {isa = PBXFileReference; lastKnownFileType = sourcecode.swift; path = AppDelegate.swift; sourceTree = "<group>"; };
		81313F8A1E25B0A700295915 /* ViewController.swift */ = {isa = PBXFileReference; lastKnownFileType = sourcecode.swift; path = ViewController.swift; sourceTree = "<group>"; };
		81313F8D1E25B0A700295915 /* Base */ = {isa = PBXFileReference; lastKnownFileType = file.storyboard; name = Base; path = Base.lproj/Main.storyboard; sourceTree = "<group>"; };
		81313F8F1E25B0A700295915 /* Assets.xcassets */ = {isa = PBXFileReference; lastKnownFileType = folder.assetcatalog; path = Assets.xcassets; sourceTree = "<group>"; };
		81313F921E25B0A700295915 /* Base */ = {isa = PBXFileReference; lastKnownFileType = file.storyboard; name = Base; path = Base.lproj/LaunchScreen.storyboard; sourceTree = "<group>"; };
		81313F941E25B0A700295915 /* Info.plist */ = {isa = PBXFileReference; lastKnownFileType = text.plist.xml; path = Info.plist; sourceTree = "<group>"; };
/* End PBXFileReference section */

/* Begin PBXFrameworksBuildPhase section */
		81313F821E25B0A600295915 /* Frameworks */ = {
			isa = PBXFrameworksBuildPhase;
			buildActionMask = 2147483647;
			files = (
			);
			runOnlyForDeploymentPostprocessing = 0;
		};
/* End PBXFrameworksBuildPhase section */

/* Begin PBXGroup section */
		81313F7C1E25B0A600295915 = {
			isa = PBXGroup;
			children = (
				81313F871E25B0A700295915 /* iSurvey */,
				81313F861E25B0A700295915 /* Products */,
			);
			sourceTree = "<group>";
		};
		81313F861E25B0A700295915 /* Products */ = {
			isa = PBXGroup;
			children = (
				81313F851E25B0A700295915 /* iSurvey.app */,
			);
			name = Products;
			sourceTree = "<group>";
		};
		81313F871E25B0A700295915 /* iSurvey */ = {
			isa = PBXGroup;
			children = (
				81313F881E25B0A700295915 /* AppDelegate.swift */,
				81313F8A1E25B0A700295915 /* ViewController.swift */,
				81313F8C1E25B0A700295915 /* Main.storyboard */,
				81313F8F1E25B0A700295915 /* Assets.xcassets */,
				81313F911E25B0A700295915 /* LaunchScreen.storyboard */,
				81313F941E25B0A700295915 /* Info.plist */,
			);
			path = iSurvey;
			sourceTree = "<group>";
		};
/* End PBXGroup section */

/* Begin PBXNativeTarget section */
		81313F841E25B0A600295915 /* iSurvey */ = {
			isa = PBXNativeTarget;
			buildConfigurationList = 81313F971E25B0A700295915 /* Build configuration list for PBXNativeTarget "iSurvey" */;
			buildPhases = (
				81313F811E25B0A600295915 /* Sources */,
				81313F821E25B0A600295915 /* Frameworks */,
				81313F831E25B0A600295915 /* Resources */,
			);
			buildRules = (
			);
			dependencies = (
			);
			name = iSurvey;
			productName = iSurvey;
			productReference = 81313F851E25B0A700295915 /* iSurvey.app */;
			productType = "com.apple.product-type.application";
		};
/* End PBXNativeTarget section */

/* Begin PBXProject section */
		81313F7D1E25B0A600295915 /* Project object */ = {
			isa = PBXProject;
			attributes = {
				LastSwiftUpdateCheck = 0820;
				LastUpgradeCheck = 0820;
				ORGANIZATIONNAME = ANI;
				TargetAttributes = {
					81313F841E25B0A600295915 = {
						CreatedOnToolsVersion = 8.2.1;
						ProvisioningStyle = Automatic;
					};
				};
			};
			buildConfigurationList = 81313F801E25B0A600295915 /* Build configuration list for PBXProject "iSurvey" */;
			compatibilityVersion = "Xcode 3.2";
			developmentRegion = English;
			hasScannedForEncodings = 0;
			knownRegions = (
				en,
				Base,
			);
			mainGroup = 81313F7C1E25B0A600295915;
			productRefGroup = 81313F861E25B0A700295915 /* Products */;
			projectDirPath = "";
			projectRoot = "";
			targets = (
				81313F841E25B0A600295915 /* iSurvey */,
			);
		};
/* End PBXProject section */

/* Begin PBXResourcesBuildPhase section */
		81313F831E25B0A600295915 /* Resources */ = {
			isa = PBXResourcesBuildPhase;
			buildActionMask = 2147483647;
			files = (
				81313F931E25B0A700295915 /* LaunchScreen.storyboard in Resources */,
				81313F901E25B0A700295915 /* Assets.xcassets in Resources */,
				81313F8E1E25B0A700295915 /* Main.storyboard in Resources */,
			);
			runOnlyForDeploymentPostprocessing = 0;
		};
/* End PBXResourcesBuildPhase section */

/* Begin PBXSourcesBuildPhase section */
		81313F811E25B0A600295915 /* Sources */ = {
			isa = PBXSourcesBuildPhase;
			buildActionMask = 2147483647;
			files = (
				81313F8B1E25B0A700295915 /* ViewController.swift in Sources */,
				81313F891E25B0A700295915 /* AppDelegate.swift in Sources */,
			);
			runOnlyForDeploymentPostprocessing = 0;
		};
/* End PBXSourcesBuildPhase section */

/* Begin PBXVariantGroup section */
		81313F8C1E25B0A700295915 /* Main.storyboard */ = {
			isa = PBXVariantGroup;
			children = (
				81313F8D1E25B0A700295915 /* Base */,
			);
			name = Main.storyboard;
			sourceTree = "<group>";
		};
		81313F911E25B0A700295915 /* LaunchScreen.storyboard */ = {
			isa = PBXVariantGroup;
			children = (
				81313F921E25B0A700295915 /* Base */,
			);
			name = LaunchScreen.storyboard;
			sourceTree = "<group>";
		};
/* End PBXVariantGroup section */

/* Begin XCBuildConfiguration section */
		81313F951E25B0A700295915 /* Debug */ = {
			isa = XCBuildConfiguration;
			buildSettings = {
				ALWAYS_SEARCH_USER_PATHS = NO;
				CLANG_ANALYZER_NONNULL = YES;
				CLANG_CXX_LANGUAGE_STANDARD = "gnu++0x";
				CLANG_CXX_LIBRARY = "libc++";
				CLANG_ENABLE_MODULES = YES;
				CLANG_ENABLE_OBJC_ARC = YES;
				CLANG_WARN_BOOL_CONVERSION = YES;
				CLANG_WARN_CONSTANT_CONVERSION = YES;
				CLANG_WARN_DIRECT_OBJC_ISA_USAGE = YES_ERROR;
				CLANG_WARN_DOCUMENTATION_COMMENTS = YES;
				CLANG_WARN_EMPTY_BODY = YES;
				CLANG_WARN_ENUM_CONVERSION = YES;
				CLANG_WARN_INFINITE_RECURSION = YES;
				CLANG_WARN_INT_CONVERSION = YES;
				CLANG_WARN_OBJC_ROOT_CLASS = YES_ERROR;
				CLANG_WARN_SUSPICIOUS_MOVE = YES;
				CLANG_WARN_UNREACHABLE_CODE = YES;
				CLANG_WARN__DUPLICATE_METHOD_MATCH = YES;
				"CODE_SIGN_IDENTITY[sdk=iphoneos*]" = "iPhone Developer";
				COPY_PHASE_STRIP = NO;
				DEBUG_INFORMATION_FORMAT = dwarf;
				ENABLE_STRICT_OBJC_MSGSEND = YES;
				ENABLE_TESTABILITY = YES;
				GCC_C_LANGUAGE_STANDARD = gnu99;
				GCC_DYNAMIC_NO_PIC = NO;
				GCC_NO_COMMON_BLOCKS = YES;
				GCC_OPTIMIZATION_LEVEL = 0;
				GCC_PREPROCESSOR_DEFINITIONS = (
					"DEBUG=1",
					"$(inherited)",
				);
				GCC_WARN_64_TO_32_BIT_CONVERSION = YES;
				GCC_WARN_ABOUT_RETURN_TYPE = YES_ERROR;
				GCC_WARN_UNDECLARED_SELECTOR = YES;
				GCC_WARN_UNINITIALIZED_AUTOS = YES_AGGRESSIVE;
				GCC_WARN_UNUSED_FUNCTION = YES;
				GCC_WARN_UNUSED_VARIABLE = YES;
				IPHONEOS_DEPLOYMENT_TARGET = 10.2;
				MTL_ENABLE_DEBUG_INFO = YES;
				ONLY_ACTIVE_ARCH = YES;
				SDKROOT = iphoneos;
				SWIFT_ACTIVE_COMPILATION_CONDITIONS = DEBUG;
				SWIFT_OPTIMIZATION_LEVEL = "-Onone";
				TARGETED_DEVICE_FAMILY = "1,2";
			};
			name = Debug;
		};
		81313F961E25B0A700295915 /* Release */ = {
			isa = XCBuildConfiguration;
			buildSettings = {
				ALWAYS_SEARCH_USER_PATHS = NO;
				CLANG_ANALYZER_NONNULL = YES;
				CLANG_CXX_LANGUAGE_STANDARD = "gnu++0x";
				CLANG_CXX_LIBRARY = "libc++";
				CLANG_ENABLE_MODULES = YES;
				CLANG_ENABLE_OBJC_ARC = YES;
				CLANG_WARN_BOOL_CONVERSION = YES;
				CLANG_WARN_CONSTANT_CONVERSION = YES;
				CLANG_WARN_DIRECT_OBJC_ISA_USAGE = YES_ERROR;
				CLANG_WARN_DOCUMENTATION_COMMENTS = YES;
				CLANG_WARN_EMPTY_BODY = YES;
				CLANG_WARN_ENUM_CONVERSION = YES;
				CLANG_WARN_INFINITE_RECURSION = YES;
				CLANG_WARN_INT_CONVERSION = YES;
				CLANG_WARN_OBJC_ROOT_CLASS = YES_ERROR;
				CLANG_WARN_SUSPICIOUS_MOVE = YES;
				CLANG_WARN_UNREACHABLE_CODE = YES;
				CLANG_WARN__DUPLICATE_METHOD_MATCH = YES;
				"CODE_SIGN_IDENTITY[sdk=iphoneos*]" = "iPhone Developer";
				COPY_PHASE_STRIP = NO;
				DEBUG_INFORMATION_FORMAT = "dwarf-with-dsym";
				ENABLE_NS_ASSERTIONS = NO;
				ENABLE_STRICT_OBJC_MSGSEND = YES;
				GCC_C_LANGUAGE_STANDARD = gnu99;
				GCC_NO_COMMON_BLOCKS = YES;
				GCC_WARN_64_TO_32_BIT_CONVERSION = YES;
				GCC_WARN_ABOUT_RETURN_TYPE = YES_ERROR;
				GCC_WARN_UNDECLARED_SELECTOR = YES;
				GCC_WARN_UNINITIALIZED_AUTOS = YES_AGGRESSIVE;
				GCC_WARN_UNUSED_FUNCTION = YES;
				GCC_WARN_UNUSED_VARIABLE = YES;
				IPHONEOS_DEPLOYMENT_TARGET = 10.2;
				MTL_ENABLE_DEBUG_INFO = NO;
				SDKROOT = iphoneos;
				SWIFT_OPTIMIZATION_LEVEL = "-Owholemodule";
				TARGETED_DEVICE_FAMILY = "1,2";
				VALIDATE_PRODUCT = YES;
			};
			name = Release;
		};
		81313F981E25B0A700295915 /* Debug */ = {
			isa = XCBuildConfiguration;
			buildSettings = {
				ASSETCATALOG_COMPILER_APPICON_NAME = AppIcon;
				INFOPLIST_FILE = iSurvey/Info.plist;
				LD_RUNPATH_SEARCH_PATHS = "$(inherited) @executable_path/Frameworks";
				PRODUCT_BUNDLE_IDENTIFIER = wccnet.edu.sempie.iSurvey;
				PRODUCT_NAME = "$(TARGET_NAME)";
				SWIFT_VERSION = 3.0;
			};
			name = Debug;
		};
		81313F991E25B0A700295915 /* Release */ = {
			isa = XCBuildConfiguration;
			buildSettings = {
				ASSETCATALOG_COMPILER_APPICON_NAME = AppIcon;
				INFOPLIST_FILE = iSurvey/Info.plist;
				LD_RUNPATH_SEARCH_PATHS = "$(inherited) @executable_path/Frameworks";
				PRODUCT_BUNDLE_IDENTIFIER = wccnet.edu.sempie.iSurvey;
				PRODUCT_NAME = "$(TARGET_NAME)";
				SWIFT_VERSION = 3.0;
			};
			name = Release;
		};
/* End XCBuildConfiguration section */

/* Begin XCConfigurationList section */
		81313F801E25B0A600295915 /* Build configuration list for PBXProject "iSurvey" */ = {
			isa = XCConfigurationList;
			buildConfigurations = (
				81313F951E25B0A700295915 /* Debug */,
				81313F961E25B0A700295915 /* Release */,
			);
			defaultConfigurationIsVisible = 0;
			defaultConfigurationName = Release;
		};
		81313F971E25B0A700295915 /* Build configuration list for PBXNativeTarget "iSurvey" */ = {
			isa = XCConfigurationList;
			buildConfigurations = (
				81313F981E25B0A700295915 /* Debug */,
				81313F991E25B0A700295915 /* Release */,
			);
			defaultConfigurationIsVisible = 0;
		};
/* End XCConfigurationList section */
	};
	rootObject = 81313F7D1E25B0A600295915 /* Project object */;
}
